
Microsoft Visual Studio Solution File, Format Version 12.00
# Visual Studio Version 16
VisualStudioVersion = 16.0.31605.320
MinimumVisualStudioVersion = 10.0.40219.1
Project("{FAE04EC0-301F-11D3-BF4B-00C04F79EFBC}") = "MyVinylShop", "MyVinylShop\MyVinylShop.csproj", "{5234111F-0983-4D1E-A511-6209F32B84DE}"
EndProject
Global
	GlobalSection(SolutionConfigurationPlatforms) = preSolution
		Debug|Any CPU = Debug|Any CPU
		Release|Any CPU = Release|Any CPU
	EndGlobalSection
	GlobalSection(ProjectConfigurationPlatforms) = postSolution
		{5234111F-0983-4D1E-A511-6209F32B84DE}.Debug|Any CPU.ActiveCfg = Debug|Any CPU
		{5234111F-0983-4D1E-A511-6209F32B84DE}.Debug|Any CPU.Build.0 = Debug|Any CPU
		{5234111F-0983-4D1E-A511-6209F32B84DE}.Release|Any CPU.ActiveCfg = Release|Any CPU
		{5234111F-0983-4D1E-A511-6209F32B84DE}.Release|Any CPU.Build.0 = Release|Any CPU
	EndGlobalSection
	GlobalSection(SolutionProperties) = preSolution
		HideSolutionNode = FALSE
	EndGlobalSection
	GlobalSection(ExtensibilityGlobals) = postSolution
		SolutionGuid = {A8DEC80F-484B-432B-9481-5B082E28BC60}
	EndGlobalSection
EndGlobal
